
Microsoft Visual Studio Solution File, Format Version 12.00
# Visual Studio Version 17
VisualStudioVersion = 17.6.33712.159
MinimumVisualStudioVersion = 10.0.40219.1
Project("{9A19103F-16F7-4668-BE54-9A1E7A4F7556}") = "Reknighted", "Reknighted\Reknighted.csproj", "{5DF5DC55-6BA5-44B3-B44F-EF7CEB880BFD}"
EndProject
Project("{9A19103F-16F7-4668-BE54-9A1E7A4F7556}") = "FightingLib", "FightingLib\FightingLib.csproj", "{D9E640E8-58F4-4BEA-BAF4-D3EB9260C832}"
EndProject
Project("{9A19103F-16F7-4668-BE54-9A1E7A4F7556}") = "DialogLib", "DialogLib\DialogLib.csproj", "{836B5C29-B539-4040-ACE0-CD9FCFB0BDA6}"
EndProject
Project("{FAE04EC0-301F-11D3-BF4B-00C04F79EFBC}") = "FightServer", "FightServer\FightServer.csproj", "{E1B3FBC9-50C6-4DE6-9588-DFB471E559A9}"
EndProject
Global
	GlobalSection(SolutionConfigurationPlatforms) = preSolution
		Debug|Any CPU = Debug|Any CPU
		Release|Any CPU = Release|Any CPU
	EndGlobalSection
	GlobalSection(ProjectConfigurationPlatforms) = postSolution
		{5DF5DC55-6BA5-44B3-B44F-EF7CEB880BFD}.Debug|Any CPU.ActiveCfg = Debug|Any CPU
		{5DF5DC55-6BA5-44B3-B44F-EF7CEB880BFD}.Debug|Any CPU.Build.0 = Debug|Any CPU
		{5DF5DC55-6BA5-44B3-B44F-EF7CEB880BFD}.Release|Any CPU.ActiveCfg = Release|Any CPU
		{5DF5DC55-6BA5-44B3-B44F-EF7CEB880BFD}.Release|Any CPU.Build.0 = Release|Any CPU
		{D9E640E8-58F4-4BEA-BAF4-D3EB9260C832}.Debug|Any CPU.ActiveCfg = Debug|Any CPU
		{D9E640E8-58F4-4BEA-BAF4-D3EB9260C832}.Debug|Any CPU.Build.0 = Debug|Any CPU
		{D9E640E8-58F4-4BEA-BAF4-D3EB9260C832}.Release|Any CPU.ActiveCfg = Release|Any CPU
		{D9E640E8-58F4-4BEA-BAF4-D3EB9260C832}.Release|Any CPU.Build.0 = Release|Any CPU
		{836B5C29-B539-4040-ACE0-CD9FCFB0BDA6}.Debug|Any CPU.ActiveCfg = Debug|Any CPU
		{836B5C29-B539-4040-ACE0-CD9FCFB0BDA6}.Debug|Any CPU.Build.0 = Debug|Any CPU
		{836B5C29-B539-4040-ACE0-CD9FCFB0BDA6}.Release|Any CPU.ActiveCfg = Release|Any CPU
		{836B5C29-B539-4040-ACE0-CD9FCFB0BDA6}.Release|Any CPU.Build.0 = Release|Any CPU
		{E1B3FBC9-50C6-4DE6-9588-DFB471E559A9}.Debug|Any CPU.ActiveCfg = Debug|Any CPU
		{E1B3FBC9-50C6-4DE6-9588-DFB471E559A9}.Debug|Any CPU.Build.0 = Debug|Any CPU
		{E1B3FBC9-50C6-4DE6-9588-DFB471E559A9}.Release|Any CPU.ActiveCfg = Release|Any CPU
		{E1B3FBC9-50C6-4DE6-9588-DFB471E559A9}.Release|Any CPU.Build.0 = Release|Any CPU
	EndGlobalSection
	GlobalSection(SolutionProperties) = preSolution
		HideSolutionNode = FALSE
	EndGlobalSection
	GlobalSection(ExtensibilityGlobals) = postSolution
		SolutionGuid = {58A7BE7B-51AA-4804-9C70-07BC4166C5F0}
	EndGlobalSection
EndGlobal
